
Microsoft Visual Studio Solution File, Format Version 12.00
# Visual Studio Version 16
VisualStudioVersion = 16.0.29709.97
MinimumVisualStudioVersion = 10.0.40219.1
Project("{FAE04EC0-301F-11D3-BF4B-00C04F79EFBC}") = "Bi-Directional Drag n Drop", "Bi-Directional Drag n Drop.csproj", "{D1D5C0CC-9E36-4FCF-9595-34BAFD993F7B}"
EndProject
Global
	GlobalSection(SolutionConfigurationPlatforms) = preSolution
		Debug|Any CPU = Debug|Any CPU
		Release|Any CPU = Release|Any CPU
	EndGlobalSection
	GlobalSection(ProjectConfigurationPlatforms) = postSolution
		{D1D5C0CC-9E36-4FCF-9595-34BAFD993F7B}.Debug|Any CPU.ActiveCfg = Debug|Any CPU
		{D1D5C0CC-9E36-4FCF-9595-34BAFD993F7B}.Debug|Any CPU.Build.0 = Debug|Any CPU
		{D1D5C0CC-9E36-4FCF-9595-34BAFD993F7B}.Release|Any CPU.ActiveCfg = Release|Any CPU
		{D1D5C0CC-9E36-4FCF-9595-34BAFD993F7B}.Release|Any CPU.Build.0 = Release|Any CPU
	EndGlobalSection
	GlobalSection(SolutionProperties) = preSolution
		HideSolutionNode = FALSE
	EndGlobalSection
	GlobalSection(ExtensibilityGlobals) = postSolution
		SolutionGuid = {6D1B7862-8810-47C1-8867-D6A49450799A}
	EndGlobalSection
EndGlobal
